// !$*UTF8*$!
{
	archiveVersion = 1;
	classes = {
	};
	objectVersion = 56;
	objects = {

/* Begin PBXBuildFile section */
		03FC31A52C0B27C30021B1B3 /* AppDelegate.swift in Sources */ = {isa = PBXBuildFile; fileRef = 03FC31A42C0B27C30021B1B3 /* AppDelegate.swift */; };
		03FC31A72C0B27C30021B1B3 /* SceneDelegate.swift in Sources */ = {isa = PBXBuildFile; fileRef = 03FC31A62C0B27C30021B1B3 /* SceneDelegate.swift */; };
		03FC31A92C0B27C30021B1B3 /* ViewController.swift in Sources */ = {isa = PBXBuildFile; fileRef = 03FC31A82C0B27C30021B1B3 /* ViewController.swift */; };
		03FC31AC2C0B27C30021B1B3 /* Main.storyboard in Resources */ = {isa = PBXBuildFile; fileRef = 03FC31AA2C0B27C30021B1B3 /* Main.storyboard */; };
		03FC31AF2C0B27C40021B1B3 /* shopify.xcdatamodeld in Sources */ = {isa = PBXBuildFile; fileRef = 03FC31AD2C0B27C40021B1B3 /* shopify.xcdatamodeld */; };
		03FC31B12C0B27D90021B1B3 /* Assets.xcassets in Resources */ = {isa = PBXBuildFile; fileRef = 03FC31B02C0B27D90021B1B3 /* Assets.xcassets */; };
		03FC31B42C0B27D90021B1B3 /* LaunchScreen.storyboard in Resources */ = {isa = PBXBuildFile; fileRef = 03FC31B22C0B27D90021B1B3 /* LaunchScreen.storyboard */; };
		03FC31BF2C0B27DA0021B1B3 /* shopifyTests.swift in Sources */ = {isa = PBXBuildFile; fileRef = 03FC31BE2C0B27DA0021B1B3 /* shopifyTests.swift */; };
		03FC31C92C0B27DA0021B1B3 /* shopifyUITests.swift in Sources */ = {isa = PBXBuildFile; fileRef = 03FC31C82C0B27DA0021B1B3 /* shopifyUITests.swift */; };
		03FC31CB2C0B27DA0021B1B3 /* shopifyUITestsLaunchTests.swift in Sources */ = {isa = PBXBuildFile; fileRef = 03FC31CA2C0B27DA0021B1B3 /* shopifyUITestsLaunchTests.swift */; };
		3B26B08F44DD6EB257759618 /* Pods_shopifyTests.framework in Frameworks */ = {isa = PBXBuildFile; fileRef = 4990787AA9F64E256BF45DFF /* Pods_shopifyTests.framework */; };
		8B481452AC532BE4C401AAF0 /* Pods_shopify_shopifyUITests.framework in Frameworks */ = {isa = PBXBuildFile; fileRef = 46A675E643BC27EA32583464 /* Pods_shopify_shopifyUITests.framework */; };
		8D09BA9533C4AA24A0662744 /* Pods_shopify.framework in Frameworks */ = {isa = PBXBuildFile; fileRef = 02A994BEA2E529AE2372F2A9 /* Pods_shopify.framework */; };
/* End PBXBuildFile section */

/* Begin PBXContainerItemProxy section */
		03FC31BB2C0B27D90021B1B3 /* PBXContainerItemProxy */ = {
			isa = PBXContainerItemProxy;
			containerPortal = 03FC31992C0B27C30021B1B3 /* Project object */;
			proxyType = 1;
			remoteGlobalIDString = 03FC31A02C0B27C30021B1B3;
			remoteInfo = shopify;
		};
		03FC31C52C0B27DA0021B1B3 /* PBXContainerItemProxy */ = {
			isa = PBXContainerItemProxy;
			containerPortal = 03FC31992C0B27C30021B1B3 /* Project object */;
			proxyType = 1;
			remoteGlobalIDString = 03FC31A02C0B27C30021B1B3;
			remoteInfo = shopify;
		};
/* End PBXContainerItemProxy section */

/* Begin PBXFileReference section */
		02A994BEA2E529AE2372F2A9 /* Pods_shopify.framework */ = {isa = PBXFileReference; explicitFileType = wrapper.framework; includeInIndex = 0; path = Pods_shopify.framework; sourceTree = BUILT_PRODUCTS_DIR; };
		03FC31A12C0B27C30021B1B3 /* shopify.app */ = {isa = PBXFileReference; explicitFileType = wrapper.application; includeInIndex = 0; path = shopify.app; sourceTree = BUILT_PRODUCTS_DIR; };
		03FC31A42C0B27C30021B1B3 /* AppDelegate.swift */ = {isa = PBXFileReference; lastKnownFileType = sourcecode.swift; path = AppDelegate.swift; sourceTree = "<group>"; };
		03FC31A62C0B27C30021B1B3 /* SceneDelegate.swift */ = {isa = PBXFileReference; lastKnownFileType = sourcecode.swift; path = SceneDelegate.swift; sourceTree = "<group>"; };
		03FC31A82C0B27C30021B1B3 /* ViewController.swift */ = {isa = PBXFileReference; lastKnownFileType = sourcecode.swift; path = ViewController.swift; sourceTree = "<group>"; };
		03FC31AB2C0B27C30021B1B3 /* Base */ = {isa = PBXFileReference; lastKnownFileType = file.storyboard; name = Base; path = Base.lproj/Main.storyboard; sourceTree = "<group>"; };
		03FC31AE2C0B27C40021B1B3 /* shopify.xcdatamodel */ = {isa = PBXFileReference; lastKnownFileType = wrapper.xcdatamodel; path = shopify.xcdatamodel; sourceTree = "<group>"; };
		03FC31B02C0B27D90021B1B3 /* Assets.xcassets */ = {isa = PBXFileReference; lastKnownFileType = folder.assetcatalog; path = Assets.xcassets; sourceTree = "<group>"; };
		03FC31B32C0B27D90021B1B3 /* Base */ = {isa = PBXFileReference; lastKnownFileType = file.storyboard; name = Base; path = Base.lproj/LaunchScreen.storyboard; sourceTree = "<group>"; };
		03FC31B52C0B27D90021B1B3 /* Info.plist */ = {isa = PBXFileReference; lastKnownFileType = text.plist.xml; path = Info.plist; sourceTree = "<group>"; };
		03FC31BA2C0B27D90021B1B3 /* shopifyTests.xctest */ = {isa = PBXFileReference; explicitFileType = wrapper.cfbundle; includeInIndex = 0; path = shopifyTests.xctest; sourceTree = BUILT_PRODUCTS_DIR; };
		03FC31BE2C0B27DA0021B1B3 /* shopifyTests.swift */ = {isa = PBXFileReference; lastKnownFileType = sourcecode.swift; path = shopifyTests.swift; sourceTree = "<group>"; };
		03FC31C42C0B27DA0021B1B3 /* shopifyUITests.xctest */ = {isa = PBXFileReference; explicitFileType = wrapper.cfbundle; includeInIndex = 0; path = shopifyUITests.xctest; sourceTree = BUILT_PRODUCTS_DIR; };
		03FC31C82C0B27DA0021B1B3 /* shopifyUITests.swift */ = {isa = PBXFileReference; lastKnownFileType = sourcecode.swift; path = shopifyUITests.swift; sourceTree = "<group>"; };
		03FC31CA2C0B27DA0021B1B3 /* shopifyUITestsLaunchTests.swift */ = {isa = PBXFileReference; lastKnownFileType = sourcecode.swift; path = shopifyUITestsLaunchTests.swift; sourceTree = "<group>"; };
		2944241553078B6D074A86E4 /* Pods-shopifyTests.release.xcconfig */ = {isa = PBXFileReference; includeInIndex = 1; lastKnownFileType = text.xcconfig; name = "Pods-shopifyTests.release.xcconfig"; path = "Target Support Files/Pods-shopifyTests/Pods-shopifyTests.release.xcconfig"; sourceTree = "<group>"; };
		46A675E643BC27EA32583464 /* Pods_shopify_shopifyUITests.framework */ = {isa = PBXFileReference; explicitFileType = wrapper.framework; includeInIndex = 0; path = Pods_shopify_shopifyUITests.framework; sourceTree = BUILT_PRODUCTS_DIR; };
		472AF795ACC7F722AD6C3BC9 /* Pods-shopify.debug.xcconfig */ = {isa = PBXFileReference; includeInIndex = 1; lastKnownFileType = text.xcconfig; name = "Pods-shopify.debug.xcconfig"; path = "Target Support Files/Pods-shopify/Pods-shopify.debug.xcconfig"; sourceTree = "<group>"; };
		4990787AA9F64E256BF45DFF /* Pods_shopifyTests.framework */ = {isa = PBXFileReference; explicitFileType = wrapper.framework; includeInIndex = 0; path = Pods_shopifyTests.framework; sourceTree = BUILT_PRODUCTS_DIR; };
		6A27E28562EF268AD3AD76C8 /* Pods-shopify.release.xcconfig */ = {isa = PBXFileReference; includeInIndex = 1; lastKnownFileType = text.xcconfig; name = "Pods-shopify.release.xcconfig"; path = "Target Support Files/Pods-shopify/Pods-shopify.release.xcconfig"; sourceTree = "<group>"; };
		78117BF541FE67E08971B9E2 /* Pods-shopifyTests.debug.xcconfig */ = {isa = PBXFileReference; includeInIndex = 1; lastKnownFileType = text.xcconfig; name = "Pods-shopifyTests.debug.xcconfig"; path = "Target Support Files/Pods-shopifyTests/Pods-shopifyTests.debug.xcconfig"; sourceTree = "<group>"; };
		90775CDDD9C495C9CBB98E30 /* Pods-shopify-shopifyUITests.release.xcconfig */ = {isa = PBXFileReference; includeInIndex = 1; lastKnownFileType = text.xcconfig; name = "Pods-shopify-shopifyUITests.release.xcconfig"; path = "Target Support Files/Pods-shopify-shopifyUITests/Pods-shopify-shopifyUITests.release.xcconfig"; sourceTree = "<group>"; };
		A2E0C10476DD1ECDE6F25CE9 /* Pods-shopify-shopifyUITests.debug.xcconfig */ = {isa = PBXFileReference; includeInIndex = 1; lastKnownFileType = text.xcconfig; name = "Pods-shopify-shopifyUITests.debug.xcconfig"; path = "Target Support Files/Pods-shopify-shopifyUITests/Pods-shopify-shopifyUITests.debug.xcconfig"; sourceTree = "<group>"; };
/* End PBXFileReference section */

/* Begin PBXFrameworksBuildPhase section */
		03FC319E2C0B27C30021B1B3 /* Frameworks */ = {
			isa = PBXFrameworksBuildPhase;
			buildActionMask = 2147483647;
			files = (
				8D09BA9533C4AA24A0662744 /* Pods_shopify.framework in Frameworks */,
			);
			runOnlyForDeploymentPostprocessing = 0;
		};
		03FC31B72C0B27D90021B1B3 /* Frameworks */ = {
			isa = PBXFrameworksBuildPhase;
			buildActionMask = 2147483647;
			files = (
				3B26B08F44DD6EB257759618 /* Pods_shopifyTests.framework in Frameworks */,
			);
			runOnlyForDeploymentPostprocessing = 0;
		};
		03FC31C12C0B27DA0021B1B3 /* Frameworks */ = {
			isa = PBXFrameworksBuildPhase;
			buildActionMask = 2147483647;
			files = (
				8B481452AC532BE4C401AAF0 /* Pods_shopify_shopifyUITests.framework in Frameworks */,
			);
			runOnlyForDeploymentPostprocessing = 0;
		};
/* End PBXFrameworksBuildPhase section */

/* Begin PBXGroup section */
		03FC31982C0B27C30021B1B3 = {
			isa = PBXGroup;
			children = (
				03FC31A32C0B27C30021B1B3 /* shopify */,
				03FC31BD2C0B27D90021B1B3 /* shopifyTests */,
				03FC31C72C0B27DA0021B1B3 /* shopifyUITests */,
				03FC31A22C0B27C30021B1B3 /* Products */,
				F8234708BD4C7751ECEDBBD1 /* Pods */,
				0E6CE1AD3E37CB0E117DFD2F /* Frameworks */,
			);
			sourceTree = "<group>";
		};
		03FC31A22C0B27C30021B1B3 /* Products */ = {
			isa = PBXGroup;
			children = (
				03FC31A12C0B27C30021B1B3 /* shopify.app */,
				03FC31BA2C0B27D90021B1B3 /* shopifyTests.xctest */,
				03FC31C42C0B27DA0021B1B3 /* shopifyUITests.xctest */,
			);
			name = Products;
			sourceTree = "<group>";
		};
		03FC31A32C0B27C30021B1B3 /* shopify */ = {
			isa = PBXGroup;
			children = (
				03FC31A42C0B27C30021B1B3 /* AppDelegate.swift */,
				03FC31A62C0B27C30021B1B3 /* SceneDelegate.swift */,
				03FC31A82C0B27C30021B1B3 /* ViewController.swift */,
				03FC31AA2C0B27C30021B1B3 /* Main.storyboard */,
				03FC31B02C0B27D90021B1B3 /* Assets.xcassets */,
				03FC31B22C0B27D90021B1B3 /* LaunchScreen.storyboard */,
				03FC31B52C0B27D90021B1B3 /* Info.plist */,
				03FC31AD2C0B27C40021B1B3 /* shopify.xcdatamodeld */,
			);
			path = shopify;
			sourceTree = "<group>";
		};
		03FC31BD2C0B27D90021B1B3 /* shopifyTests */ = {
			isa = PBXGroup;
			children = (
				03FC31BE2C0B27DA0021B1B3 /* shopifyTests.swift */,
			);
			path = shopifyTests;
			sourceTree = "<group>";
		};
		03FC31C72C0B27DA0021B1B3 /* shopifyUITests */ = {
			isa = PBXGroup;
			children = (
				03FC31C82C0B27DA0021B1B3 /* shopifyUITests.swift */,
				03FC31CA2C0B27DA0021B1B3 /* shopifyUITestsLaunchTests.swift */,
			);
			path = shopifyUITests;
			sourceTree = "<group>";
		};
		0E6CE1AD3E37CB0E117DFD2F /* Frameworks */ = {
			isa = PBXGroup;
			children = (
				02A994BEA2E529AE2372F2A9 /* Pods_shopify.framework */,
				46A675E643BC27EA32583464 /* Pods_shopify_shopifyUITests.framework */,
				4990787AA9F64E256BF45DFF /* Pods_shopifyTests.framework */,
			);
			name = Frameworks;
			sourceTree = "<group>";
		};
		F8234708BD4C7751ECEDBBD1 /* Pods */ = {
			isa = PBXGroup;
			children = (
				472AF795ACC7F722AD6C3BC9 /* Pods-shopify.debug.xcconfig */,
				6A27E28562EF268AD3AD76C8 /* Pods-shopify.release.xcconfig */,
				A2E0C10476DD1ECDE6F25CE9 /* Pods-shopify-shopifyUITests.debug.xcconfig */,
				90775CDDD9C495C9CBB98E30 /* Pods-shopify-shopifyUITests.release.xcconfig */,
				78117BF541FE67E08971B9E2 /* Pods-shopifyTests.debug.xcconfig */,
				2944241553078B6D074A86E4 /* Pods-shopifyTests.release.xcconfig */,
			);
			name = Pods;
			path = Pods;
			sourceTree = "<group>";
		};
/* End PBXGroup section */

/* Begin PBXNativeTarget section */
		03FC31A02C0B27C30021B1B3 /* shopify */ = {
			isa = PBXNativeTarget;
			buildConfigurationList = 03FC31CE2C0B27DA0021B1B3 /* Build configuration list for PBXNativeTarget "shopify" */;
			buildPhases = (
				07024B2D914A722BBDFC2E5D /* [CP] Check Pods Manifest.lock */,
				03FC319D2C0B27C30021B1B3 /* Sources */,
				03FC319E2C0B27C30021B1B3 /* Frameworks */,
				03FC319F2C0B27C30021B1B3 /* Resources */,
				159527F8E8F9ADBEAC3B6379 /* [CP] Embed Pods Frameworks */,
			);
			buildRules = (
			);
			dependencies = (
			);
			name = shopify;
			productName = shopify;
			productReference = 03FC31A12C0B27C30021B1B3 /* shopify.app */;
			productType = "com.apple.product-type.application";
		};
		03FC31B92C0B27D90021B1B3 /* shopifyTests */ = {
			isa = PBXNativeTarget;
			buildConfigurationList = 03FC31D12C0B27DA0021B1B3 /* Build configuration list for PBXNativeTarget "shopifyTests" */;
			buildPhases = (
				E593035F6562092A3D5C264E /* [CP] Check Pods Manifest.lock */,
				03FC31B62C0B27D90021B1B3 /* Sources */,
				03FC31B72C0B27D90021B1B3 /* Frameworks */,
				03FC31B82C0B27D90021B1B3 /* Resources */,
			);
			buildRules = (
			);
			dependencies = (
				03FC31BC2C0B27D90021B1B3 /* PBXTargetDependency */,
			);
			name = shopifyTests;
			productName = shopifyTests;
			productReference = 03FC31BA2C0B27D90021B1B3 /* shopifyTests.xctest */;
			productType = "com.apple.product-type.bundle.unit-test";
		};
		03FC31C32C0B27DA0021B1B3 /* shopifyUITests */ = {
			isa = PBXNativeTarget;
			buildConfigurationList = 03FC31D42C0B27DA0021B1B3 /* Build configuration list for PBXNativeTarget "shopifyUITests" */;
			buildPhases = (
				E8294C172EFFD5D36F92A85C /* [CP] Check Pods Manifest.lock */,
				03FC31C02C0B27DA0021B1B3 /* Sources */,
				03FC31C12C0B27DA0021B1B3 /* Frameworks */,
				03FC31C22C0B27DA0021B1B3 /* Resources */,
				0312B575DF41AAB0D9E2338E /* [CP] Embed Pods Frameworks */,
			);
			buildRules = (
			);
			dependencies = (
				03FC31C62C0B27DA0021B1B3 /* PBXTargetDependency */,
			);
			name = shopifyUITests;
			productName = shopifyUITests;
			productReference = 03FC31C42C0B27DA0021B1B3 /* shopifyUITests.xctest */;
			productType = "com.apple.product-type.bundle.ui-testing";
		};
/* End PBXNativeTarget section */

/* Begin PBXProject section */
		03FC31992C0B27C30021B1B3 /* Project object */ = {
			isa = PBXProject;
			attributes = {
				BuildIndependentTargetsInParallel = 1;
				LastSwiftUpdateCheck = 1420;
				LastUpgradeCheck = 1420;
				TargetAttributes = {
					03FC31A02C0B27C30021B1B3 = {
						CreatedOnToolsVersion = 14.2;
					};
					03FC31B92C0B27D90021B1B3 = {
						CreatedOnToolsVersion = 14.2;
						TestTargetID = 03FC31A02C0B27C30021B1B3;
					};
					03FC31C32C0B27DA0021B1B3 = {
						CreatedOnToolsVersion = 14.2;
						TestTargetID = 03FC31A02C0B27C30021B1B3;
					};
				};
			};
			buildConfigurationList = 03FC319C2C0B27C30021B1B3 /* Build configuration list for PBXProject "shopify" */;
			compatibilityVersion = "Xcode 14.0";
			developmentRegion = en;
			hasScannedForEncodings = 0;
			knownRegions = (
				en,
				Base,
			);
			mainGroup = 03FC31982C0B27C30021B1B3;
			productRefGroup = 03FC31A22C0B27C30021B1B3 /* Products */;
			projectDirPath = "";
			projectRoot = "";
			targets = (
				03FC31A02C0B27C30021B1B3 /* shopify */,
				03FC31B92C0B27D90021B1B3 /* shopifyTests */,
				03FC31C32C0B27DA0021B1B3 /* shopifyUITests */,
			);
		};
/* End PBXProject section */

/* Begin PBXResourcesBuildPhase section */
		03FC319F2C0B27C30021B1B3 /* Resources */ = {
			isa = PBXResourcesBuildPhase;
			buildActionMask = 2147483647;
			files = (
				03FC31B42C0B27D90021B1B3 /* LaunchScreen.storyboard in Resources */,
				03FC31B12C0B27D90021B1B3 /* Assets.xcassets in Resources */,
				03FC31AC2C0B27C30021B1B3 /* Main.storyboard in Resources */,
			);
			runOnlyForDeploymentPostprocessing = 0;
		};
		03FC31B82C0B27D90021B1B3 /* Resources */ = {
			isa = PBXResourcesBuildPhase;
			buildActionMask = 2147483647;
			files = (
			);
			runOnlyForDeploymentPostprocessing = 0;
		};
		03FC31C22C0B27DA0021B1B3 /* Resources */ = {
			isa = PBXResourcesBuildPhase;
			buildActionMask = 2147483647;
			files = (
			);
			runOnlyForDeploymentPostprocessing = 0;
		};
/* End PBXResourcesBuildPhase section */

/* Begin PBXShellScriptBuildPhase section */
		0312B575DF41AAB0D9E2338E /* [CP] Embed Pods Frameworks */ = {
			isa = PBXShellScriptBuildPhase;
			buildActionMask = 2147483647;
			files = (
			);
			inputFileListPaths = (
				"${PODS_ROOT}/Target Support Files/Pods-shopify-shopifyUITests/Pods-shopify-shopifyUITests-frameworks-${CONFIGURATION}-input-files.xcfilelist",
			);
			name = "[CP] Embed Pods Frameworks";
			outputFileListPaths = (
				"${PODS_ROOT}/Target Support Files/Pods-shopify-shopifyUITests/Pods-shopify-shopifyUITests-frameworks-${CONFIGURATION}-output-files.xcfilelist",
			);
			runOnlyForDeploymentPostprocessing = 0;
			shellPath = /bin/sh;
			shellScript = "\"${PODS_ROOT}/Target Support Files/Pods-shopify-shopifyUITests/Pods-shopify-shopifyUITests-frameworks.sh\"\n";
			showEnvVarsInLog = 0;
		};
		07024B2D914A722BBDFC2E5D /* [CP] Check Pods Manifest.lock */ = {
			isa = PBXShellScriptBuildPhase;
			buildActionMask = 2147483647;
			files = (
			);
			inputFileListPaths = (
			);
			inputPaths = (
				"${PODS_PODFILE_DIR_PATH}/Podfile.lock",
				"${PODS_ROOT}/Manifest.lock",
			);
			name = "[CP] Check Pods Manifest.lock";
			outputFileListPaths = (
			);
			outputPaths = (
				"$(DERIVED_FILE_DIR)/Pods-shopify-checkManifestLockResult.txt",
			);
			runOnlyForDeploymentPostprocessing = 0;
			shellPath = /bin/sh;
			shellScript = "diff \"${PODS_PODFILE_DIR_PATH}/Podfile.lock\" \"${PODS_ROOT}/Manifest.lock\" > /dev/null\nif [ $? != 0 ] ; then\n    # print error to STDERR\n    echo \"error: The sandbox is not in sync with the Podfile.lock. Run 'pod install' or update your CocoaPods installation.\" >&2\n    exit 1\nfi\n# This output is used by Xcode 'outputs' to avoid re-running this script phase.\necho \"SUCCESS\" > \"${SCRIPT_OUTPUT_FILE_0}\"\n";
			showEnvVarsInLog = 0;
		};
		159527F8E8F9ADBEAC3B6379 /* [CP] Embed Pods Frameworks */ = {
			isa = PBXShellScriptBuildPhase;
			buildActionMask = 2147483647;
			files = (
			);
			inputFileListPaths = (
				"${PODS_ROOT}/Target Support Files/Pods-shopify/Pods-shopify-frameworks-${CONFIGURATION}-input-files.xcfilelist",
			);
			name = "[CP] Embed Pods Frameworks";
			outputFileListPaths = (
				"${PODS_ROOT}/Target Support Files/Pods-shopify/Pods-shopify-frameworks-${CONFIGURATION}-output-files.xcfilelist",
			);
			runOnlyForDeploymentPostprocessing = 0;
			shellPath = /bin/sh;
			shellScript = "\"${PODS_ROOT}/Target Support Files/Pods-shopify/Pods-shopify-frameworks.sh\"\n";
			showEnvVarsInLog = 0;
		};
		E593035F6562092A3D5C264E /* [CP] Check Pods Manifest.lock */ = {
			isa = PBXShellScriptBuildPhase;
			buildActionMask = 2147483647;
			files = (
			);
			inputFileListPaths = (
			);
			inputPaths = (
				"${PODS_PODFILE_DIR_PATH}/Podfile.lock",
				"${PODS_ROOT}/Manifest.lock",
			);
			name = "[CP] Check Pods Manifest.lock";
			outputFileListPaths = (
			);
			outputPaths = (
				"$(DERIVED_FILE_DIR)/Pods-shopifyTests-checkManifestLockResult.txt",
			);
			runOnlyForDeploymentPostprocessing = 0;
			shellPath = /bin/sh;
			shellScript = "diff \"${PODS_PODFILE_DIR_PATH}/Podfile.lock\" \"${PODS_ROOT}/Manifest.lock\" > /dev/null\nif [ $? != 0 ] ; then\n    # print error to STDERR\n    echo \"error: The sandbox is not in sync with the Podfile.lock. Run 'pod install' or update your CocoaPods installation.\" >&2\n    exit 1\nfi\n# This output is used by Xcode 'outputs' to avoid re-running this script phase.\necho \"SUCCESS\" > \"${SCRIPT_OUTPUT_FILE_0}\"\n";
			showEnvVarsInLog = 0;
		};
		E8294C172EFFD5D36F92A85C /* [CP] Check Pods Manifest.lock */ = {
			isa = PBXShellScriptBuildPhase;
			buildActionMask = 2147483647;
			files = (
			);
			inputFileListPaths = (
			);
			inputPaths = (
				"${PODS_PODFILE_DIR_PATH}/Podfile.lock",
				"${PODS_ROOT}/Manifest.lock",
			);
			name = "[CP] Check Pods Manifest.lock";
			outputFileListPaths = (
			);
			outputPaths = (
				"$(DERIVED_FILE_DIR)/Pods-shopify-shopifyUITests-checkManifestLockResult.txt",
			);
			runOnlyForDeploymentPostprocessing = 0;
			shellPath = /bin/sh;
			shellScript = "diff \"${PODS_PODFILE_DIR_PATH}/Podfile.lock\" \"${PODS_ROOT}/Manifest.lock\" > /dev/null\nif [ $? != 0 ] ; then\n    # print error to STDERR\n    echo \"error: The sandbox is not in sync with the Podfile.lock. Run 'pod install' or update your CocoaPods installation.\" >&2\n    exit 1\nfi\n# This output is used by Xcode 'outputs' to avoid re-running this script phase.\necho \"SUCCESS\" > \"${SCRIPT_OUTPUT_FILE_0}\"\n";
			showEnvVarsInLog = 0;
		};
/* End PBXShellScriptBuildPhase section */

/* Begin PBXSourcesBuildPhase section */
		03FC319D2C0B27C30021B1B3 /* Sources */ = {
			isa = PBXSourcesBuildPhase;
			buildActionMask = 2147483647;
			files = (
				03FC31A92C0B27C30021B1B3 /* ViewController.swift in Sources */,
				03FC31A52C0B27C30021B1B3 /* AppDelegate.swift in Sources */,
				03FC31AF2C0B27C40021B1B3 /* shopify.xcdatamodeld in Sources */,
				03FC31A72C0B27C30021B1B3 /* SceneDelegate.swift in Sources */,
			);
			runOnlyForDeploymentPostprocessing = 0;
		};
		03FC31B62C0B27D90021B1B3 /* Sources */ = {
			isa = PBXSourcesBuildPhase;
			buildActionMask = 2147483647;
			files = (
				03FC31BF2C0B27DA0021B1B3 /* shopifyTests.swift in Sources */,
			);
			runOnlyForDeploymentPostprocessing = 0;
		};
		03FC31C02C0B27DA0021B1B3 /* Sources */ = {
			isa = PBXSourcesBuildPhase;
			buildActionMask = 2147483647;
			files = (
				03FC31C92C0B27DA0021B1B3 /* shopifyUITests.swift in Sources */,
				03FC31CB2C0B27DA0021B1B3 /* shopifyUITestsLaunchTests.swift in Sources */,
			);
			runOnlyForDeploymentPostprocessing = 0;
		};
/* End PBXSourcesBuildPhase section */

/* Begin PBXTargetDependency section */
		03FC31BC2C0B27D90021B1B3 /* PBXTargetDependency */ = {
			isa = PBXTargetDependency;
			target = 03FC31A02C0B27C30021B1B3 /* shopify */;
			targetProxy = 03FC31BB2C0B27D90021B1B3 /* PBXContainerItemProxy */;
		};
		03FC31C62C0B27DA0021B1B3 /* PBXTargetDependency */ = {
			isa = PBXTargetDependency;
			target = 03FC31A02C0B27C30021B1B3 /* shopify */;
			targetProxy = 03FC31C52C0B27DA0021B1B3 /* PBXContainerItemProxy */;
		};
/* End PBXTargetDependency section */

/* Begin PBXVariantGroup section */
		03FC31AA2C0B27C30021B1B3 /* Main.storyboard */ = {
			isa = PBXVariantGroup;
			children = (
				03FC31AB2C0B27C30021B1B3 /* Base */,
			);
			name = Main.storyboard;
			sourceTree = "<group>";
		};
		03FC31B22C0B27D90021B1B3 /* LaunchScreen.storyboard */ = {
			isa = PBXVariantGroup;
			children = (
				03FC31B32C0B27D90021B1B3 /* Base */,
			);
			name = LaunchScreen.storyboard;
			sourceTree = "<group>";
		};
/* End PBXVariantGroup section */

/* Begin XCBuildConfiguration section */
		03FC31CC2C0B27DA0021B1B3 /* Debug */ = {
			isa = XCBuildConfiguration;
			buildSettings = {
				ALWAYS_SEARCH_USER_PATHS = NO;
				CLANG_ANALYZER_NONNULL = YES;
				CLANG_ANALYZER_NUMBER_OBJECT_CONVERSION = YES_AGGRESSIVE;
				CLANG_CXX_LANGUAGE_STANDARD = "gnu++20";
				CLANG_ENABLE_MODULES = YES;
				CLANG_ENABLE_OBJC_ARC = YES;
				CLANG_ENABLE_OBJC_WEAK = YES;
				CLANG_WARN_BLOCK_CAPTURE_AUTORELEASING = YES;
				CLANG_WARN_BOOL_CONVERSION = YES;
				CLANG_WARN_COMMA = YES;
				CLANG_WARN_CONSTANT_CONVERSION = YES;
				CLANG_WARN_DEPRECATED_OBJC_IMPLEMENTATIONS = YES;
				CLANG_WARN_DIRECT_OBJC_ISA_USAGE = YES_ERROR;
				CLANG_WARN_DOCUMENTATION_COMMENTS = YES;
				CLANG_WARN_EMPTY_BODY = YES;
				CLANG_WARN_ENUM_CONVERSION = YES;
				CLANG_WARN_INFINITE_RECURSION = YES;
				CLANG_WARN_INT_CONVERSION = YES;
				CLANG_WARN_NON_LITERAL_NULL_CONVERSION = YES;
				CLANG_WARN_OBJC_IMPLICIT_RETAIN_SELF = YES;
				CLANG_WARN_OBJC_LITERAL_CONVERSION = YES;
				CLANG_WARN_OBJC_ROOT_CLASS = YES_ERROR;
				CLANG_WARN_QUOTED_INCLUDE_IN_FRAMEWORK_HEADER = YES;
				CLANG_WARN_RANGE_LOOP_ANALYSIS = YES;
				CLANG_WARN_STRICT_PROTOTYPES = YES;
				CLANG_WARN_SUSPICIOUS_MOVE = YES;
				CLANG_WARN_UNGUARDED_AVAILABILITY = YES_AGGRESSIVE;
				CLANG_WARN_UNREACHABLE_CODE = YES;
				CLANG_WARN__DUPLICATE_METHOD_MATCH = YES;
				COPY_PHASE_STRIP = NO;
				DEBUG_INFORMATION_FORMAT = dwarf;
				ENABLE_STRICT_OBJC_MSGSEND = YES;
				ENABLE_TESTABILITY = YES;
				GCC_C_LANGUAGE_STANDARD = gnu11;
				GCC_DYNAMIC_NO_PIC = NO;
				GCC_NO_COMMON_BLOCKS = YES;
				GCC_OPTIMIZATION_LEVEL = 0;
				GCC_PREPROCESSOR_DEFINITIONS = (
					"DEBUG=1",
					"$(inherited)",
				);
				GCC_WARN_64_TO_32_BIT_CONVERSION = YES;
				GCC_WARN_ABOUT_RETURN_TYPE = YES_ERROR;
				GCC_WARN_UNDECLARED_SELECTOR = YES;
				GCC_WARN_UNINITIALIZED_AUTOS = YES_AGGRESSIVE;
				GCC_WARN_UNUSED_FUNCTION = YES;
				GCC_WARN_UNUSED_VARIABLE = YES;
				IPHONEOS_DEPLOYMENT_TARGET = 16.2;
				MTL_ENABLE_DEBUG_INFO = INCLUDE_SOURCE;
				MTL_FAST_MATH = YES;
				ONLY_ACTIVE_ARCH = YES;
				SDKROOT = iphoneos;
				SWIFT_ACTIVE_COMPILATION_CONDITIONS = DEBUG;
				SWIFT_OPTIMIZATION_LEVEL = "-Onone";
			};
			name = Debug;
		};
		03FC31CD2C0B27DA0021B1B3 /* Release */ = {
			isa = XCBuildConfiguration;
			buildSettings = {
				ALWAYS_SEARCH_USER_PATHS = NO;
				CLANG_ANALYZER_NONNULL = YES;
				CLANG_ANALYZER_NUMBER_OBJECT_CONVERSION = YES_AGGRESSIVE;
				CLANG_CXX_LANGUAGE_STANDARD = "gnu++20";
				CLANG_ENABLE_MODULES = YES;
				CLANG_ENABLE_OBJC_ARC = YES;
				CLANG_ENABLE_OBJC_WEAK = YES;
				CLANG_WARN_BLOCK_CAPTURE_AUTORELEASING = YES;
				CLANG_WARN_BOOL_CONVERSION = YES;
				CLANG_WARN_COMMA = YES;
				CLANG_WARN_CONSTANT_CONVERSION = YES;
				CLANG_WARN_DEPRECATED_OBJC_IMPLEMENTATIONS = YES;
				CLANG_WARN_DIRECT_OBJC_ISA_USAGE = YES_ERROR;
				CLANG_WARN_DOCUMENTATION_COMMENTS = YES;
				CLANG_WARN_EMPTY_BODY = YES;
				CLANG_WARN_ENUM_CONVERSION = YES;
				CLANG_WARN_INFINITE_RECURSION = YES;
				CLANG_WARN_INT_CONVERSION = YES;
				CLANG_WARN_NON_LITERAL_NULL_CONVERSION = YES;
				CLANG_WARN_OBJC_IMPLICIT_RETAIN_SELF = YES;
				CLANG_WARN_OBJC_LITERAL_CONVERSION = YES;
				CLANG_WARN_OBJC_ROOT_CLASS = YES_ERROR;
				CLANG_WARN_QUOTED_INCLUDE_IN_FRAMEWORK_HEADER = YES;
				CLANG_WARN_RANGE_LOOP_ANALYSIS = YES;
				CLANG_WARN_STRICT_PROTOTYPES = YES;
				CLANG_WARN_SUSPICIOUS_MOVE = YES;
				CLANG_WARN_UNGUARDED_AVAILABILITY = YES_AGGRESSIVE;
				CLANG_WARN_UNREACHABLE_CODE = YES;
				CLANG_WARN__DUPLICATE_METHOD_MATCH = YES;
				COPY_PHASE_STRIP = NO;
				DEBUG_INFORMATION_FORMAT = "dwarf-with-dsym";
				ENABLE_NS_ASSERTIONS = NO;
				ENABLE_STRICT_OBJC_MSGSEND = YES;
				GCC_C_LANGUAGE_STANDARD = gnu11;
				GCC_NO_COMMON_BLOCKS = YES;
				GCC_WARN_64_TO_32_BIT_CONVERSION = YES;
				GCC_WARN_ABOUT_RETURN_TYPE = YES_ERROR;
				GCC_WARN_UNDECLARED_SELECTOR = YES;
				GCC_WARN_UNINITIALIZED_AUTOS = YES_AGGRESSIVE;
				GCC_WARN_UNUSED_FUNCTION = YES;
				GCC_WARN_UNUSED_VARIABLE = YES;
				IPHONEOS_DEPLOYMENT_TARGET = 16.2;
				MTL_ENABLE_DEBUG_INFO = NO;
				MTL_FAST_MATH = YES;
				SDKROOT = iphoneos;
				SWIFT_COMPILATION_MODE = wholemodule;
				SWIFT_OPTIMIZATION_LEVEL = "-O";
				VALIDATE_PRODUCT = YES;
			};
			name = Release;
		};
		03FC31CF2C0B27DA0021B1B3 /* Debug */ = {
			isa = XCBuildConfiguration;
			baseConfigurationReference = 472AF795ACC7F722AD6C3BC9 /* Pods-shopify.debug.xcconfig */;
			buildSettings = {
				ASSETCATALOG_COMPILER_APPICON_NAME = AppIcon;
				ASSETCATALOG_COMPILER_GLOBAL_ACCENT_COLOR_NAME = AccentColor;
				CODE_SIGN_STYLE = Automatic;
				CURRENT_PROJECT_VERSION = 1;
				GENERATE_INFOPLIST_FILE = YES;
				INFOPLIST_FILE = shopify/Info.plist;
				INFOPLIST_KEY_UIApplicationSupportsIndirectInputEvents = YES;
				INFOPLIST_KEY_UILaunchStoryboardName = LaunchScreen;
				INFOPLIST_KEY_UIMainStoryboardFile = Main;
				INFOPLIST_KEY_UISupportedInterfaceOrientations_iPad = "UIInterfaceOrientationPortrait UIInterfaceOrientationPortraitUpsideDown UIInterfaceOrientationLandscapeLeft UIInterfaceOrientationLandscapeRight";
				INFOPLIST_KEY_UISupportedInterfaceOrientations_iPhone = "UIInterfaceOrientationPortrait UIInterfaceOrientationLandscapeLeft UIInterfaceOrientationLandscapeRight";
				LD_RUNPATH_SEARCH_PATHS = (
					"$(inherited)",
					"@executable_path/Frameworks",
				);
				MARKETING_VERSION = 1.0;
				PRODUCT_BUNDLE_IDENTIFIER = com.iti.shopify;
				PRODUCT_NAME = "$(TARGET_NAME)";
				SWIFT_EMIT_LOC_STRINGS = YES;
				SWIFT_VERSION = 5.0;
				TARGETED_DEVICE_FAMILY = "1,2";
			};
			name = Debug;
		};
		03FC31D02C0B27DA0021B1B3 /* Release */ = {
			isa = XCBuildConfiguration;
			baseConfigurationReference = 6A27E28562EF268AD3AD76C8 /* Pods-shopify.release.xcconfig */;
			buildSettings = {
				ASSETCATALOG_COMPILER_APPICON_NAME = AppIcon;
				ASSETCATALOG_COMPILER_GLOBAL_ACCENT_COLOR_NAME = AccentColor;
				CODE_SIGN_STYLE = Automatic;
				CURRENT_PROJECT_VERSION = 1;
				GENERATE_INFOPLIST_FILE = YES;
				INFOPLIST_FILE = shopify/Info.plist;
				INFOPLIST_KEY_UIApplicationSupportsIndirectInputEvents = YES;
				INFOPLIST_KEY_UILaunchStoryboardName = LaunchScreen;
				INFOPLIST_KEY_UIMainStoryboardFile = Main;
				INFOPLIST_KEY_UISupportedInterfaceOrientations_iPad = "UIInterfaceOrientationPortrait UIInterfaceOrientationPortraitUpsideDown UIInterfaceOrientationLandscapeLeft UIInterfaceOrientationLandscapeRight";
				INFOPLIST_KEY_UISupportedInterfaceOrientations_iPhone = "UIInterfaceOrientationPortrait UIInterfaceOrientationLandscapeLeft UIInterfaceOrientationLandscapeRight";
				LD_RUNPATH_SEARCH_PATHS = (
					"$(inherited)",
					"@executable_path/Frameworks",
				);
				MARKETING_VERSION = 1.0;
				PRODUCT_BUNDLE_IDENTIFIER = com.iti.shopify;
				PRODUCT_NAME = "$(TARGET_NAME)";
				SWIFT_EMIT_LOC_STRINGS = YES;
				SWIFT_VERSION = 5.0;
				TARGETED_DEVICE_FAMILY = "1,2";
			};
			name = Release;
		};
		03FC31D22C0B27DA0021B1B3 /* Debug */ = {
			isa = XCBuildConfiguration;
			baseConfigurationReference = 78117BF541FE67E08971B9E2 /* Pods-shopifyTests.debug.xcconfig */;
			buildSettings = {
				ALWAYS_EMBED_SWIFT_STANDARD_LIBRARIES = YES;
				BUNDLE_LOADER = "$(TEST_HOST)";
				CODE_SIGN_STYLE = Automatic;
				CURRENT_PROJECT_VERSION = 1;
				GENERATE_INFOPLIST_FILE = YES;
				IPHONEOS_DEPLOYMENT_TARGET = 16.2;
				MARKETING_VERSION = 1.0;
				PRODUCT_BUNDLE_IDENTIFIER = com.iti.shopifyTests;
				PRODUCT_NAME = "$(TARGET_NAME)";
				SWIFT_EMIT_LOC_STRINGS = NO;
				SWIFT_VERSION = 5.0;
				TARGETED_DEVICE_FAMILY = "1,2";
				TEST_HOST = "$(BUILT_PRODUCTS_DIR)/shopify.app/$(BUNDLE_EXECUTABLE_FOLDER_PATH)/shopify";
			};
			name = Debug;
		};
		03FC31D32C0B27DA0021B1B3 /* Release */ = {
			isa = XCBuildConfiguration;
			baseConfigurationReference = 2944241553078B6D074A86E4 /* Pods-shopifyTests.release.xcconfig */;
			buildSettings = {
				ALWAYS_EMBED_SWIFT_STANDARD_LIBRARIES = YES;
				BUNDLE_LOADER = "$(TEST_HOST)";
				CODE_SIGN_STYLE = Automatic;
				CURRENT_PROJECT_VERSION = 1;
				GENERATE_INFOPLIST_FILE = YES;
				IPHONEOS_DEPLOYMENT_TARGET = 16.2;
				MARKETING_VERSION = 1.0;
				PRODUCT_BUNDLE_IDENTIFIER = com.iti.shopifyTests;
				PRODUCT_NAME = "$(TARGET_NAME)";
				SWIFT_EMIT_LOC_STRINGS = NO;
				SWIFT_VERSION = 5.0;
				TARGETED_DEVICE_FAMILY = "1,2";
				TEST_HOST = "$(BUILT_PRODUCTS_DIR)/shopify.app/$(BUNDLE_EXECUTABLE_FOLDER_PATH)/shopify";
			};
			name = Release;
		};
		03FC31D52C0B27DA0021B1B3 /* Debug */ = {
			isa = XCBuildConfiguration;
			baseConfigurationReference = A2E0C10476DD1ECDE6F25CE9 /* Pods-shopify-shopifyUITests.debug.xcconfig */;
			buildSettings = {
				ALWAYS_EMBED_SWIFT_STANDARD_LIBRARIES = YES;
				CODE_SIGN_STYLE = Automatic;
				CURRENT_PROJECT_VERSION = 1;
				GENERATE_INFOPLIST_FILE = YES;
				MARKETING_VERSION = 1.0;
				PRODUCT_BUNDLE_IDENTIFIER = com.iti.shopifyUITests;
				PRODUCT_NAME = "$(TARGET_NAME)";
				SWIFT_EMIT_LOC_STRINGS = NO;
				SWIFT_VERSION = 5.0;
				TARGETED_DEVICE_FAMILY = "1,2";
				TEST_TARGET_NAME = shopify;
			};
			name = Debug;
		};
		03FC31D62C0B27DA0021B1B3 /* Release */ = {
			isa = XCBuildConfiguration;
			baseConfigurationReference = 90775CDDD9C495C9CBB98E30 /* Pods-shopify-shopifyUITests.release.xcconfig */;
			buildSettings = {
				ALWAYS_EMBED_SWIFT_STANDARD_LIBRARIES = YES;
				CODE_SIGN_STYLE = Automatic;
				CURRENT_PROJECT_VERSION = 1;
				GENERATE_INFOPLIST_FILE = YES;
				MARKETING_VERSION = 1.0;
				PRODUCT_BUNDLE_IDENTIFIER = com.iti.shopifyUITests;
				PRODUCT_NAME = "$(TARGET_NAME)";
				SWIFT_EMIT_LOC_STRINGS = NO;
				SWIFT_VERSION = 5.0;
				TARGETED_DEVICE_FAMILY = "1,2";
				TEST_TARGET_NAME = shopify;
			};
			name = Release;
		};
/* End XCBuildConfiguration section */

/* Begin XCConfigurationList section */
		03FC319C2C0B27C30021B1B3 /* Build configuration list for PBXProject "shopify" */ = {
			isa = XCConfigurationList;
			buildConfigurations = (
				03FC31CC2C0B27DA0021B1B3 /* Debug */,
				03FC31CD2C0B27DA0021B1B3 /* Release */,
			);
			defaultConfigurationIsVisible = 0;
			defaultConfigurationName = Release;
		};
		03FC31CE2C0B27DA0021B1B3 /* Build configuration list for PBXNativeTarget "shopify" */ = {
			isa = XCConfigurationList;
			buildConfigurations = (
				03FC31CF2C0B27DA0021B1B3 /* Debug */,
				03FC31D02C0B27DA0021B1B3 /* Release */,
			);
			defaultConfigurationIsVisible = 0;
			defaultConfigurationName = Release;
		};
		03FC31D12C0B27DA0021B1B3 /* Build configuration list for PBXNativeTarget "shopifyTests" */ = {
			isa = XCConfigurationList;
			buildConfigurations = (
				03FC31D22C0B27DA0021B1B3 /* Debug */,
				03FC31D32C0B27DA0021B1B3 /* Release */,
			);
			defaultConfigurationIsVisible = 0;
			defaultConfigurationName = Release;
		};
		03FC31D42C0B27DA0021B1B3 /* Build configuration list for PBXNativeTarget "shopifyUITests" */ = {
			isa = XCConfigurationList;
			buildConfigurations = (
				03FC31D52C0B27DA0021B1B3 /* Debug */,
				03FC31D62C0B27DA0021B1B3 /* Release */,
			);
			defaultConfigurationIsVisible = 0;
			defaultConfigurationName = Release;
		};
/* End XCConfigurationList section */

/* Begin XCVersionGroup section */
		03FC31AD2C0B27C40021B1B3 /* shopify.xcdatamodeld */ = {
			isa = XCVersionGroup;
			children = (
				03FC31AE2C0B27C40021B1B3 /* shopify.xcdatamodel */,
			);
			currentVersion = 03FC31AE2C0B27C40021B1B3 /* shopify.xcdatamodel */;
			path = shopify.xcdatamodeld;
			sourceTree = "<group>";
			versionGroupType = wrapper.xcdatamodel;
		};
/* End XCVersionGroup section */
	};
	rootObject = 03FC31992C0B27C30021B1B3 /* Project object */;
}
